
Microsoft Visual Studio Solution File, Format Version 12.00
# Visual Studio Version 17
VisualStudioVersion = 17.0.32014.148
MinimumVisualStudioVersion = 10.0.40219.1
Project("{FAE04EC0-301F-11D3-BF4B-00C04F79EFBC}") = "ce103-hw5-snake-dll", "ce103-hw5-snake-dll\ce103-hw5-snake-dll.csproj", "{CC0CE87B-FBA0-440B-B1CA-12C846AC5474}"
EndProject
Project("{FAE04EC0-301F-11D3-BF4B-00C04F79EFBC}") = "ce103-hw5-snake-app", "ce103-hw5-snake-app\ce103-hw5-snake-app.csproj", "{6A88C805-E446-4EDC-9219-E52013CE9EBB}"
EndProject
Project("{FAE04EC0-301F-11D3-BF4B-00C04F79EFBC}") = "ce103-hw5-snake-test", "ce103-hw5-snake-test\ce103-hw5-snake-test.csproj", "{8AA90C9B-E9A2-483D-B610-890BBD460F7D}"
EndProject
Global
	GlobalSection(SolutionConfigurationPlatforms) = preSolution
		Debug|Any CPU = Debug|Any CPU
		Release|Any CPU = Release|Any CPU
	EndGlobalSection
	GlobalSection(ProjectConfigurationPlatforms) = postSolution
		{CC0CE87B-FBA0-440B-B1CA-12C846AC5474}.Debug|Any CPU.ActiveCfg = Debug|Any CPU
		{CC0CE87B-FBA0-440B-B1CA-12C846AC5474}.Debug|Any CPU.Build.0 = Debug|Any CPU
		{CC0CE87B-FBA0-440B-B1CA-12C846AC5474}.Release|Any CPU.ActiveCfg = Release|Any CPU
		{CC0CE87B-FBA0-440B-B1CA-12C846AC5474}.Release|Any CPU.Build.0 = Release|Any CPU
		{6A88C805-E446-4EDC-9219-E52013CE9EBB}.Debug|Any CPU.ActiveCfg = Debug|Any CPU
		{6A88C805-E446-4EDC-9219-E52013CE9EBB}.Debug|Any CPU.Build.0 = Debug|Any CPU
		{6A88C805-E446-4EDC-9219-E52013CE9EBB}.Release|Any CPU.ActiveCfg = Release|Any CPU
		{6A88C805-E446-4EDC-9219-E52013CE9EBB}.Release|Any CPU.Build.0 = Release|Any CPU
		{8AA90C9B-E9A2-483D-B610-890BBD460F7D}.Debug|Any CPU.ActiveCfg = Debug|Any CPU
		{8AA90C9B-E9A2-483D-B610-890BBD460F7D}.Debug|Any CPU.Build.0 = Debug|Any CPU
		{8AA90C9B-E9A2-483D-B610-890BBD460F7D}.Release|Any CPU.ActiveCfg = Release|Any CPU
		{8AA90C9B-E9A2-483D-B610-890BBD460F7D}.Release|Any CPU.Build.0 = Release|Any CPU
	EndGlobalSection
	GlobalSection(SolutionProperties) = preSolution
		HideSolutionNode = FALSE
	EndGlobalSection
	GlobalSection(ExtensibilityGlobals) = postSolution
		SolutionGuid = {6297589A-7832-44BE-9D9E-8BC40A34AB03}
	EndGlobalSection
EndGlobal
